
Microsoft Visual Studio Solution File, Format Version 12.00
# Visual Studio 15
VisualStudioVersion = 15.0.27004.2006
MinimumVisualStudioVersion = 10.0.40219.1
Project("{FAE04EC0-301F-11D3-BF4B-00C04F79EFBC}") = "LCSystem", "LCSystem\LCSystem.csproj", "{1472FB86-A4EC-408A-9CCC-6D5757C35026}"
EndProject
Project("{FAE04EC0-301F-11D3-BF4B-00C04F79EFBC}") = "IBLL", "IBLL\IBLL.csproj", "{2040420E-3D96-4A68-886E-BAC9A6B1CCA5}"
EndProject
Project("{FAE04EC0-301F-11D3-BF4B-00C04F79EFBC}") = "BLL", "BLL\BLL.csproj", "{F7D37F04-3553-40B4-98FB-272FA9657EB9}"
EndProject
Project("{FAE04EC0-301F-11D3-BF4B-00C04F79EFBC}") = "Utility", "Utility\Utility.csproj", "{0EBC086A-2056-4608-BDB0-A00F525CB69B}"
EndProject
Project("{FAE04EC0-301F-11D3-BF4B-00C04F79EFBC}") = "LModel", "LModel\LModel.csproj", "{A6450B5A-A202-4CDF-91FA-4A0EF28B7385}"
EndProject
Global
	GlobalSection(SolutionConfigurationPlatforms) = preSolution
		Debug|Any CPU = Debug|Any CPU
		Release|Any CPU = Release|Any CPU
	EndGlobalSection
	GlobalSection(ProjectConfigurationPlatforms) = postSolution
		{1472FB86-A4EC-408A-9CCC-6D5757C35026}.Debug|Any CPU.ActiveCfg = Debug|Any CPU
		{1472FB86-A4EC-408A-9CCC-6D5757C35026}.Debug|Any CPU.Build.0 = Debug|Any CPU
		{1472FB86-A4EC-408A-9CCC-6D5757C35026}.Release|Any CPU.ActiveCfg = Release|Any CPU
		{1472FB86-A4EC-408A-9CCC-6D5757C35026}.Release|Any CPU.Build.0 = Release|Any CPU
		{2040420E-3D96-4A68-886E-BAC9A6B1CCA5}.Debug|Any CPU.ActiveCfg = Debug|Any CPU
		{2040420E-3D96-4A68-886E-BAC9A6B1CCA5}.Debug|Any CPU.Build.0 = Debug|Any CPU
		{2040420E-3D96-4A68-886E-BAC9A6B1CCA5}.Release|Any CPU.ActiveCfg = Release|Any CPU
		{2040420E-3D96-4A68-886E-BAC9A6B1CCA5}.Release|Any CPU.Build.0 = Release|Any CPU
		{F7D37F04-3553-40B4-98FB-272FA9657EB9}.Debug|Any CPU.ActiveCfg = Debug|Any CPU
		{F7D37F04-3553-40B4-98FB-272FA9657EB9}.Debug|Any CPU.Build.0 = Debug|Any CPU
		{F7D37F04-3553-40B4-98FB-272FA9657EB9}.Release|Any CPU.ActiveCfg = Release|Any CPU
		{F7D37F04-3553-40B4-98FB-272FA9657EB9}.Release|Any CPU.Build.0 = Release|Any CPU
		{0EBC086A-2056-4608-BDB0-A00F525CB69B}.Debug|Any CPU.ActiveCfg = Debug|Any CPU
		{0EBC086A-2056-4608-BDB0-A00F525CB69B}.Debug|Any CPU.Build.0 = Debug|Any CPU
		{0EBC086A-2056-4608-BDB0-A00F525CB69B}.Release|Any CPU.ActiveCfg = Release|Any CPU
		{0EBC086A-2056-4608-BDB0-A00F525CB69B}.Release|Any CPU.Build.0 = Release|Any CPU
		{A6450B5A-A202-4CDF-91FA-4A0EF28B7385}.Debug|Any CPU.ActiveCfg = Debug|Any CPU
		{A6450B5A-A202-4CDF-91FA-4A0EF28B7385}.Debug|Any CPU.Build.0 = Debug|Any CPU
		{A6450B5A-A202-4CDF-91FA-4A0EF28B7385}.Release|Any CPU.ActiveCfg = Release|Any CPU
		{A6450B5A-A202-4CDF-91FA-4A0EF28B7385}.Release|Any CPU.Build.0 = Release|Any CPU
	EndGlobalSection
	GlobalSection(SolutionProperties) = preSolution
		HideSolutionNode = FALSE
	EndGlobalSection
	GlobalSection(ExtensibilityGlobals) = postSolution
		SolutionGuid = {9B692C5B-C258-4E46-8C65-1953EA9CD597}
	EndGlobalSection
EndGlobal
